{
  "requires": true,
  "lockfileVersion": 1,
  "dependencies": {
    "react-native-version-number": {
      "version": "0.3.2",
      "resolved": "https://registry.npmjs.org/react-native-version-number/-/react-native-version-number-0.3.2.tgz",
      "integrity": "sha512-euBoefFEa624QbP3su8XRArzAeYLoAtm3RspYq/6wVLLObZSNJMqz3wGBqa0CdVS1rOJQN4yK13gavz1YCCryA=="
    }
  }
}
